<?xml version="1.0" encoding="utf-8"?>
<Project ToolsVersion="4.0" xmlns="http://schemas.microsoft.com/developer/msbuild/2003">
  <ItemGroup>
    <Filter Include="Source Files">
      <UniqueIdentifier>{4FC737F1-C7A5-4376-A066-2A32D752A2FF}</UniqueIdentifier>
      <Extensions>cpp;c;cc;cxx;def;odl;idl;hpj;bat;asm;asmx</Extensions>
    </Filter>
    <Filter Include="Header Files">
      <UniqueIdentifier>{93995380-89BD-4b04-88EB-625FBE52EBFB}</UniqueIdentifier>
      <Extensions>h;hh;hpp;hxx;hm;inl;inc;xsd</Extensions>
    </Filter>
    <Filter Include="Managers">
      <UniqueIdentifier>{82ec9257-c419-4db7-8d12-93861e669c8d}</UniqueIdentifier>
    </Filter>
    <Filter Include="Shaders">
      <UniqueIdentifier>{7fc36935-5de5-4cf9-8528-27be5162cebd}</UniqueIdentifier>
    </Filter>
    <Filter Include="Loaders">
      <UniqueIdentifier>{649b28e8-5a27-4176-80d7-99ac51b4fa4c}</UniqueIdentifier>
    </Filter>
  </ItemGroup>
  <ItemGroup>
    <ClCompile Include="main.cpp">
      <Filter>Source Files</Filter>
    </ClCompile>
    <ClCompile Include="InputManager.cpp">
      <Filter>Managers</Filter>
    </ClCompile>
    <ClCompile Include="ShaderManager.cpp">
      <Filter>Managers</Filter>
    </ClCompile>
    <ClCompile Include="Configuration.cpp">
      <Filter>Managers</Filter>
    </ClCompile>
    <ClCompile Include="PhysXWorld.cpp">
      <Filter>Source Files</Filter>
    </ClCompile>
    <ClCompile Include="Entity.cpp">
      <Filter>Source Files</Filter>
    </ClCompile>
    <ClCompile Include="Renderer.cpp">
      <Filter>Source Files</Filter>
    </ClCompile>
    <ClCompile Include="EntityComponent.cpp">
      <Filter>Source Files</Filter>
    </ClCompile>
    <ClCompile Include="Engine.cpp">
      <Filter>Source Files</Filter>
    </ClCompile>
    <ClCompile Include="WindowManager.cpp">
      <Filter>Managers</Filter>
    </ClCompile>
    <ClCompile Include="MeshManager.cpp">
      <Filter>Managers</Filter>
    </ClCompile>
    <ClCompile Include="ComponentManager.cpp">
      <Filter>Source Files</Filter>
    </ClCompile>
    <ClCompile Include="World.cpp">
      <Filter>Managers</Filter>
    </ClCompile>
    <ClCompile Include="Scene.cpp">
      <Filter>Source Files</Filter>
    </ClCompile>
    <ClCompile Include="TextureManager.cpp">
      <Filter>Source Files</Filter>
    </ClCompile>
    <ClCompile Include="Model.cpp">
      <Filter>Loaders</Filter>
    </ClCompile>
  </ItemGroup>
  <ItemGroup>
    <ClInclude Include="vertexData.h">
      <Filter>Header Files</Filter>
    </ClInclude>
    <ClInclude Include="InputManager.h">
      <Filter>Managers</Filter>
    </ClInclude>
    <ClInclude Include="ShaderManager.h">
      <Filter>Managers</Filter>
    </ClInclude>
    <ClInclude Include="Configuration.h">
      <Filter>Managers</Filter>
    </ClInclude>
    <ClInclude Include="ShaderLoader.h">
      <Filter>Loaders</Filter>
    </ClInclude>
    <ClInclude Include="Renderer.h">
      <Filter>Source Files</Filter>
    </ClInclude>
    <ClInclude Include="Engine.h">
      <Filter>Source Files</Filter>
    </ClInclude>
    <ClInclude Include="MeshManager.h">
      <Filter>Managers</Filter>
    </ClInclude>
    <ClInclude Include="World.h">
      <Filter>Managers</Filter>
    </ClInclude>
    <ClInclude Include="WindowManager.h">
      <Filter>Managers</Filter>
    </ClInclude>
    <ClInclude Include="EntityComponent.h">
      <Filter>Source Files</Filter>
    </ClInclude>
    <ClInclude Include="Entity.h">
      <Filter>Source Files</Filter>
    </ClInclude>
    <ClInclude Include="PhysXWorld.h">
      <Filter>Source Files</Filter>
    </ClInclude>
    <ClInclude Include="Scene.h">
      <Filter>Source Files</Filter>
    </ClInclude>
    <ClInclude Include="ComponentManager.h">
      <Filter>Header Files</Filter>
    </ClInclude>
    <ClInclude Include="Mesher.h">
      <Filter>Source Files</Filter>
    </ClInclude>
    <ClInclude Include="TextureManager.h">
      <Filter>Source Files</Filter>
    </ClInclude>
    <ClInclude Include="Model2.h">
      <Filter>Source Files</Filter>
    </ClInclude>
    <ClInclude Include="Model.h">
      <Filter>Loaders</Filter>
    </ClInclude>
  </ItemGroup>
  <ItemGroup>
    <None Include="shaders\SimpleFS.frag">
      <Filter>Shaders</Filter>
    </None>
    <None Include="shaders\SimpleVS.frag">
      <Filter>Shaders</Filter>
    </None>
    <None Include="RGB2HSV_FS.frag">
      <Filter>Shaders</Filter>
    </None>
    <None Include="HSV2RGB_FS.frag">
      <Filter>Shaders</Filter>
    </None>
    <None Include="YCbCr2RGB_FS.frag">
      <Filter>Shaders</Filter>
    </None>
    <None Include="RGB2YCbCr_FS.frag">
      <Filter>Shaders</Filter>
    </None>
    <None Include="ShiftSaturation_FS.frag">
      <Filter>Shaders</Filter>
    </None>
    <None Include="shaders\Phong_FS.frag">
      <Filter>Shaders</Filter>
    </None>
    <None Include="shaders\Phong_VS.frag">
      <Filter>Shaders</Filter>
    </None>
    <None Include="shaders\ColorOnly_FS.frag">
      <Filter>Shaders</Filter>
    </None>
    <None Include="shaders\HSV2RGB_FS.frag">
      <Filter>Shaders</Filter>
    </None>
    <None Include="shaders\RGB2HSV_FS.frag">
      <Filter>Shaders</Filter>
    </None>
    <None Include="shaders\RGB2YCbCr_FS.frag">
      <Filter>Shaders</Filter>
    </None>
    <None Include="shaders\ShiftSaturation_FS.frag">
      <Filter>Shaders</Filter>
    </None>
    <None Include="shaders\YCbCr2RGB_FS.frag">
      <Filter>Shaders</Filter>
    </None>
  </ItemGroup>
</Project>